{
  "pins" : [
    {
      "identity" : "networkimage",
      "kind" : "remoteSourceControl",
      "location" : "https://github.com/nurlingo/NetworkImage",
      "state" : {
        "revision" : "ef381e9bd97c8c309c65d5c01fdc92671e58aa2b",
        "version" : "6.0.0"
      }
    }
  ],
  "version" : 2
}
